
Microsoft Visual Studio Solution File, Format Version 12.00
# Visual Studio Version 16
VisualStudioVersion = 16.0.30709.132
MinimumVisualStudioVersion = 10.0.40219.1
Project("{9A19103F-16F7-4668-BE54-9A1E7A4F7556}") = "Day1", "Day1\Day1.csproj", "{A31DC747-6559-4E11-B5BF-866AB3A307D0}"
EndProject
Project("{9A19103F-16F7-4668-BE54-9A1E7A4F7556}") = "Day2", "Day2\Day2.csproj", "{AFCDFF72-2BB8-4984-9A8C-BE6A194BD8F0}"
EndProject
Project("{9A19103F-16F7-4668-BE54-9A1E7A4F7556}") = "Day3", "Day3\Day3.csproj", "{719ADAE6-2A55-45A6-AFA7-AF2002A3834A}"
EndProject
Project("{9A19103F-16F7-4668-BE54-9A1E7A4F7556}") = "Day4", "Day4\Day4.csproj", "{9B36B8BA-3326-4367-BD69-B58A2A603C00}"
EndProject
Project("{9A19103F-16F7-4668-BE54-9A1E7A4F7556}") = "Day5", "Day5\Day5.csproj", "{4E62FA51-2F4F-42D5-BB83-064C2D6B72AC}"
EndProject
Project("{9A19103F-16F7-4668-BE54-9A1E7A4F7556}") = "Day6", "Day6\Day6.csproj", "{55C05C43-DCC2-49A6-9DF0-3B446013EA5C}"
EndProject
Project("{9A19103F-16F7-4668-BE54-9A1E7A4F7556}") = "Day7", "Day7\Day7.csproj", "{5C23DC48-ABD5-49D3-98C2-62E63CE15EBF}"
EndProject
Project("{9A19103F-16F7-4668-BE54-9A1E7A4F7556}") = "Day8", "Day8\Day8.csproj", "{81DCE5EF-26FA-4AED-8A67-E5F5708AF47E}"
EndProject
Project("{9A19103F-16F7-4668-BE54-9A1E7A4F7556}") = "Day9", "Day9\Day9.csproj", "{A7F69088-0464-4F71-8DD8-5E45190890EB}"
EndProject
Project("{9A19103F-16F7-4668-BE54-9A1E7A4F7556}") = "Day10", "Day10\Day10.csproj", "{91B1CAC3-9288-4AA8-8F2F-2354F4BF85C4}"
EndProject
Project("{FAE04EC0-301F-11D3-BF4B-00C04F79EFBC}") = "Day11", "Day11\Day11.csproj", "{2F445036-383C-43ED-8818-D7952F7A10D1}"
EndProject
Project("{FAE04EC0-301F-11D3-BF4B-00C04F79EFBC}") = "Day12", "Day12\Day12.csproj", "{E8582F0A-9FFC-42E0-96FD-EDF47D000FA4}"
EndProject
Project("{FAE04EC0-301F-11D3-BF4B-00C04F79EFBC}") = "Day13", "Day13\Day13.csproj", "{45B270B5-54C3-46E1-A449-45B346675891}"
EndProject
Project("{FAE04EC0-301F-11D3-BF4B-00C04F79EFBC}") = "Day14", "Day14\Day14.csproj", "{4E4DA63C-28BA-451F-90BC-4B927349B1BB}"
EndProject
Project("{FAE04EC0-301F-11D3-BF4B-00C04F79EFBC}") = "Day15", "Day15\Day15.csproj", "{FA0A6A32-E2FE-4F7B-94CE-921FA540DA0A}"
EndProject
Project("{FAE04EC0-301F-11D3-BF4B-00C04F79EFBC}") = "Day16", "Day16\Day16.csproj", "{BC50AE65-B83B-4FB9-B822-3F6B57820A2E}"
EndProject
Project("{FAE04EC0-301F-11D3-BF4B-00C04F79EFBC}") = "Day17", "Day17\Day17.csproj", "{7658753A-94C5-490C-8A7E-FCF5A46CED92}"
EndProject
Project("{FAE04EC0-301F-11D3-BF4B-00C04F79EFBC}") = "Day18", "Day18\Day18.csproj", "{D49E5974-DF39-4B20-863A-8C6A4C3504FF}"
EndProject
Project("{FAE04EC0-301F-11D3-BF4B-00C04F79EFBC}") = "Day19", "Day19\Day19.csproj", "{CE64F009-603E-4027-823A-DCA047468926}"
EndProject
Project("{FAE04EC0-301F-11D3-BF4B-00C04F79EFBC}") = "Day20", "Day20\Day20.csproj", "{86312861-1BAB-4686-B504-7E04814726B0}"
EndProject
Project("{FAE04EC0-301F-11D3-BF4B-00C04F79EFBC}") = "Day21", "Day21\Day21.csproj", "{FDBAF35C-3E8F-4B28-A7CC-6A80DDE9B1B3}"
EndProject
Project("{FAE04EC0-301F-11D3-BF4B-00C04F79EFBC}") = "Day22", "Day22\Day22.csproj", "{40733542-8804-4D92-AA99-8C627BBFDAEE}"
EndProject
Project("{FAE04EC0-301F-11D3-BF4B-00C04F79EFBC}") = "Day23", "Day23\Day23.csproj", "{CEBEC5A3-2877-4F40-8B5E-F5670BEBE4E3}"
EndProject
Project("{FAE04EC0-301F-11D3-BF4B-00C04F79EFBC}") = "Day24", "Day24\Day24.csproj", "{6EBAE6A8-69A1-481A-8BC4-E58188AF9249}"
EndProject
Project("{FAE04EC0-301F-11D3-BF4B-00C04F79EFBC}") = "Day25", "Day25\Day25.csproj", "{C4ED3A4E-AD03-4A59-A5D0-D53B88BCF3FE}"
EndProject
Global
	GlobalSection(SolutionConfigurationPlatforms) = preSolution
		Debug|Any CPU = Debug|Any CPU
		Release|Any CPU = Release|Any CPU
	EndGlobalSection
	GlobalSection(ProjectConfigurationPlatforms) = postSolution
		{A31DC747-6559-4E11-B5BF-866AB3A307D0}.Debug|Any CPU.ActiveCfg = Debug|Any CPU
		{A31DC747-6559-4E11-B5BF-866AB3A307D0}.Debug|Any CPU.Build.0 = Debug|Any CPU
		{A31DC747-6559-4E11-B5BF-866AB3A307D0}.Release|Any CPU.ActiveCfg = Release|Any CPU
		{A31DC747-6559-4E11-B5BF-866AB3A307D0}.Release|Any CPU.Build.0 = Release|Any CPU
		{AFCDFF72-2BB8-4984-9A8C-BE6A194BD8F0}.Debug|Any CPU.ActiveCfg = Debug|Any CPU
		{AFCDFF72-2BB8-4984-9A8C-BE6A194BD8F0}.Debug|Any CPU.Build.0 = Debug|Any CPU
		{AFCDFF72-2BB8-4984-9A8C-BE6A194BD8F0}.Release|Any CPU.ActiveCfg = Release|Any CPU
		{AFCDFF72-2BB8-4984-9A8C-BE6A194BD8F0}.Release|Any CPU.Build.0 = Release|Any CPU
		{719ADAE6-2A55-45A6-AFA7-AF2002A3834A}.Debug|Any CPU.ActiveCfg = Debug|Any CPU
		{719ADAE6-2A55-45A6-AFA7-AF2002A3834A}.Debug|Any CPU.Build.0 = Debug|Any CPU
		{719ADAE6-2A55-45A6-AFA7-AF2002A3834A}.Release|Any CPU.ActiveCfg = Release|Any CPU
		{719ADAE6-2A55-45A6-AFA7-AF2002A3834A}.Release|Any CPU.Build.0 = Release|Any CPU
		{9B36B8BA-3326-4367-BD69-B58A2A603C00}.Debug|Any CPU.ActiveCfg = Debug|Any CPU
		{9B36B8BA-3326-4367-BD69-B58A2A603C00}.Debug|Any CPU.Build.0 = Debug|Any CPU
		{9B36B8BA-3326-4367-BD69-B58A2A603C00}.Release|Any CPU.ActiveCfg = Release|Any CPU
		{9B36B8BA-3326-4367-BD69-B58A2A603C00}.Release|Any CPU.Build.0 = Release|Any CPU
		{4E62FA51-2F4F-42D5-BB83-064C2D6B72AC}.Debug|Any CPU.ActiveCfg = Debug|Any CPU
		{4E62FA51-2F4F-42D5-BB83-064C2D6B72AC}.Debug|Any CPU.Build.0 = Debug|Any CPU
		{4E62FA51-2F4F-42D5-BB83-064C2D6B72AC}.Release|Any CPU.ActiveCfg = Release|Any CPU
		{4E62FA51-2F4F-42D5-BB83-064C2D6B72AC}.Release|Any CPU.Build.0 = Release|Any CPU
		{55C05C43-DCC2-49A6-9DF0-3B446013EA5C}.Debug|Any CPU.ActiveCfg = Debug|Any CPU
		{55C05C43-DCC2-49A6-9DF0-3B446013EA5C}.Debug|Any CPU.Build.0 = Debug|Any CPU
		{55C05C43-DCC2-49A6-9DF0-3B446013EA5C}.Release|Any CPU.ActiveCfg = Release|Any CPU
		{55C05C43-DCC2-49A6-9DF0-3B446013EA5C}.Release|Any CPU.Build.0 = Release|Any CPU
		{5C23DC48-ABD5-49D3-98C2-62E63CE15EBF}.Debug|Any CPU.ActiveCfg = Debug|Any CPU
		{5C23DC48-ABD5-49D3-98C2-62E63CE15EBF}.Debug|Any CPU.Build.0 = Debug|Any CPU
		{5C23DC48-ABD5-49D3-98C2-62E63CE15EBF}.Release|Any CPU.ActiveCfg = Release|Any CPU
		{5C23DC48-ABD5-49D3-98C2-62E63CE15EBF}.Release|Any CPU.Build.0 = Release|Any CPU
		{81DCE5EF-26FA-4AED-8A67-E5F5708AF47E}.Debug|Any CPU.ActiveCfg = Debug|Any CPU
		{81DCE5EF-26FA-4AED-8A67-E5F5708AF47E}.Debug|Any CPU.Build.0 = Debug|Any CPU
		{81DCE5EF-26FA-4AED-8A67-E5F5708AF47E}.Release|Any CPU.ActiveCfg = Release|Any CPU
		{81DCE5EF-26FA-4AED-8A67-E5F5708AF47E}.Release|Any CPU.Build.0 = Release|Any CPU
		{A7F69088-0464-4F71-8DD8-5E45190890EB}.Debug|Any CPU.ActiveCfg = Debug|Any CPU
		{A7F69088-0464-4F71-8DD8-5E45190890EB}.Debug|Any CPU.Build.0 = Debug|Any CPU
		{A7F69088-0464-4F71-8DD8-5E45190890EB}.Release|Any CPU.ActiveCfg = Release|Any CPU
		{A7F69088-0464-4F71-8DD8-5E45190890EB}.Release|Any CPU.Build.0 = Release|Any CPU
		{91B1CAC3-9288-4AA8-8F2F-2354F4BF85C4}.Debug|Any CPU.ActiveCfg = Debug|Any CPU
		{91B1CAC3-9288-4AA8-8F2F-2354F4BF85C4}.Debug|Any CPU.Build.0 = Debug|Any CPU
		{91B1CAC3-9288-4AA8-8F2F-2354F4BF85C4}.Release|Any CPU.ActiveCfg = Release|Any CPU
		{91B1CAC3-9288-4AA8-8F2F-2354F4BF85C4}.Release|Any CPU.Build.0 = Release|Any CPU
		{2F445036-383C-43ED-8818-D7952F7A10D1}.Debug|Any CPU.ActiveCfg = Debug|Any CPU
		{2F445036-383C-43ED-8818-D7952F7A10D1}.Debug|Any CPU.Build.0 = Debug|Any CPU
		{2F445036-383C-43ED-8818-D7952F7A10D1}.Release|Any CPU.ActiveCfg = Release|Any CPU
		{2F445036-383C-43ED-8818-D7952F7A10D1}.Release|Any CPU.Build.0 = Release|Any CPU
		{E8582F0A-9FFC-42E0-96FD-EDF47D000FA4}.Debug|Any CPU.ActiveCfg = Debug|Any CPU
		{E8582F0A-9FFC-42E0-96FD-EDF47D000FA4}.Debug|Any CPU.Build.0 = Debug|Any CPU
		{E8582F0A-9FFC-42E0-96FD-EDF47D000FA4}.Release|Any CPU.ActiveCfg = Release|Any CPU
		{E8582F0A-9FFC-42E0-96FD-EDF47D000FA4}.Release|Any CPU.Build.0 = Release|Any CPU
		{45B270B5-54C3-46E1-A449-45B346675891}.Debug|Any CPU.ActiveCfg = Debug|Any CPU
		{45B270B5-54C3-46E1-A449-45B346675891}.Debug|Any CPU.Build.0 = Debug|Any CPU
		{45B270B5-54C3-46E1-A449-45B346675891}.Release|Any CPU.ActiveCfg = Release|Any CPU
		{45B270B5-54C3-46E1-A449-45B346675891}.Release|Any CPU.Build.0 = Release|Any CPU
		{4E4DA63C-28BA-451F-90BC-4B927349B1BB}.Debug|Any CPU.ActiveCfg = Debug|Any CPU
		{4E4DA63C-28BA-451F-90BC-4B927349B1BB}.Debug|Any CPU.Build.0 = Debug|Any CPU
		{4E4DA63C-28BA-451F-90BC-4B927349B1BB}.Release|Any CPU.ActiveCfg = Release|Any CPU
		{4E4DA63C-28BA-451F-90BC-4B927349B1BB}.Release|Any CPU.Build.0 = Release|Any CPU
		{FA0A6A32-E2FE-4F7B-94CE-921FA540DA0A}.Debug|Any CPU.ActiveCfg = Debug|Any CPU
		{FA0A6A32-E2FE-4F7B-94CE-921FA540DA0A}.Debug|Any CPU.Build.0 = Debug|Any CPU
		{FA0A6A32-E2FE-4F7B-94CE-921FA540DA0A}.Release|Any CPU.ActiveCfg = Release|Any CPU
		{FA0A6A32-E2FE-4F7B-94CE-921FA540DA0A}.Release|Any CPU.Build.0 = Release|Any CPU
		{BC50AE65-B83B-4FB9-B822-3F6B57820A2E}.Debug|Any CPU.ActiveCfg = Debug|Any CPU
		{BC50AE65-B83B-4FB9-B822-3F6B57820A2E}.Debug|Any CPU.Build.0 = Debug|Any CPU
		{BC50AE65-B83B-4FB9-B822-3F6B57820A2E}.Release|Any CPU.ActiveCfg = Release|Any CPU
		{BC50AE65-B83B-4FB9-B822-3F6B57820A2E}.Release|Any CPU.Build.0 = Release|Any CPU
		{7658753A-94C5-490C-8A7E-FCF5A46CED92}.Debug|Any CPU.ActiveCfg = Debug|Any CPU
		{7658753A-94C5-490C-8A7E-FCF5A46CED92}.Debug|Any CPU.Build.0 = Debug|Any CPU
		{7658753A-94C5-490C-8A7E-FCF5A46CED92}.Release|Any CPU.ActiveCfg = Release|Any CPU
		{7658753A-94C5-490C-8A7E-FCF5A46CED92}.Release|Any CPU.Build.0 = Release|Any CPU
		{D49E5974-DF39-4B20-863A-8C6A4C3504FF}.Debug|Any CPU.ActiveCfg = Debug|Any CPU
		{D49E5974-DF39-4B20-863A-8C6A4C3504FF}.Debug|Any CPU.Build.0 = Debug|Any CPU
		{D49E5974-DF39-4B20-863A-8C6A4C3504FF}.Release|Any CPU.ActiveCfg = Release|Any CPU
		{D49E5974-DF39-4B20-863A-8C6A4C3504FF}.Release|Any CPU.Build.0 = Release|Any CPU
		{CE64F009-603E-4027-823A-DCA047468926}.Debug|Any CPU.ActiveCfg = Debug|Any CPU
		{CE64F009-603E-4027-823A-DCA047468926}.Debug|Any CPU.Build.0 = Debug|Any CPU
		{CE64F009-603E-4027-823A-DCA047468926}.Release|Any CPU.ActiveCfg = Release|Any CPU
		{CE64F009-603E-4027-823A-DCA047468926}.Release|Any CPU.Build.0 = Release|Any CPU
		{86312861-1BAB-4686-B504-7E04814726B0}.Debug|Any CPU.ActiveCfg = Debug|Any CPU
		{86312861-1BAB-4686-B504-7E04814726B0}.Debug|Any CPU.Build.0 = Debug|Any CPU
		{86312861-1BAB-4686-B504-7E04814726B0}.Release|Any CPU.ActiveCfg = Release|Any CPU
		{86312861-1BAB-4686-B504-7E04814726B0}.Release|Any CPU.Build.0 = Release|Any CPU
		{FDBAF35C-3E8F-4B28-A7CC-6A80DDE9B1B3}.Debug|Any CPU.ActiveCfg = Debug|Any CPU
		{FDBAF35C-3E8F-4B28-A7CC-6A80DDE9B1B3}.Debug|Any CPU.Build.0 = Debug|Any CPU
		{FDBAF35C-3E8F-4B28-A7CC-6A80DDE9B1B3}.Release|Any CPU.ActiveCfg = Release|Any CPU
		{FDBAF35C-3E8F-4B28-A7CC-6A80DDE9B1B3}.Release|Any CPU.Build.0 = Release|Any CPU
		{40733542-8804-4D92-AA99-8C627BBFDAEE}.Debug|Any CPU.ActiveCfg = Debug|Any CPU
		{40733542-8804-4D92-AA99-8C627BBFDAEE}.Debug|Any CPU.Build.0 = Debug|Any CPU
		{40733542-8804-4D92-AA99-8C627BBFDAEE}.Release|Any CPU.ActiveCfg = Release|Any CPU
		{40733542-8804-4D92-AA99-8C627BBFDAEE}.Release|Any CPU.Build.0 = Release|Any CPU
		{CEBEC5A3-2877-4F40-8B5E-F5670BEBE4E3}.Debug|Any CPU.ActiveCfg = Debug|Any CPU
		{CEBEC5A3-2877-4F40-8B5E-F5670BEBE4E3}.Debug|Any CPU.Build.0 = Debug|Any CPU
		{CEBEC5A3-2877-4F40-8B5E-F5670BEBE4E3}.Release|Any CPU.ActiveCfg = Release|Any CPU
		{CEBEC5A3-2877-4F40-8B5E-F5670BEBE4E3}.Release|Any CPU.Build.0 = Release|Any CPU
		{6EBAE6A8-69A1-481A-8BC4-E58188AF9249}.Debug|Any CPU.ActiveCfg = Debug|Any CPU
		{6EBAE6A8-69A1-481A-8BC4-E58188AF9249}.Debug|Any CPU.Build.0 = Debug|Any CPU
		{6EBAE6A8-69A1-481A-8BC4-E58188AF9249}.Release|Any CPU.ActiveCfg = Release|Any CPU
		{6EBAE6A8-69A1-481A-8BC4-E58188AF9249}.Release|Any CPU.Build.0 = Release|Any CPU
		{C4ED3A4E-AD03-4A59-A5D0-D53B88BCF3FE}.Debug|Any CPU.ActiveCfg = Debug|Any CPU
		{C4ED3A4E-AD03-4A59-A5D0-D53B88BCF3FE}.Debug|Any CPU.Build.0 = Debug|Any CPU
		{C4ED3A4E-AD03-4A59-A5D0-D53B88BCF3FE}.Release|Any CPU.ActiveCfg = Release|Any CPU
		{C4ED3A4E-AD03-4A59-A5D0-D53B88BCF3FE}.Release|Any CPU.Build.0 = Release|Any CPU
	EndGlobalSection
	GlobalSection(SolutionProperties) = preSolution
		HideSolutionNode = FALSE
	EndGlobalSection
	GlobalSection(ExtensibilityGlobals) = postSolution
		SolutionGuid = {82F93BD6-2E57-471D-B495-C3DBC91AE5B1}
	EndGlobalSection
EndGlobal
